
Microsoft Visual Studio Solution File, Format Version 12.00
# Visual Studio Version 16
VisualStudioVersion = 25.0.1706.14
MinimumVisualStudioVersion = 10.0.40219.1
Project("{2150E333-8FDC-42A3-9474-1A3956D46DE8}") = "Services", "Services", "{1E1C011E-FC8B-4FDF-BDAA-E99CFB1C2233}"
EndProject
Project("{2150E333-8FDC-42A3-9474-1A3956D46DE8}") = "Catalog", "Catalog", "{6C7FC8AC-6C6C-46E0-AC79-FD20CF71DA14}"
EndProject
Project("{FAE04EC0-301F-11D3-BF4B-00C04F79EFBC}") = "ECommerce.Catalog", "Services\Catalog\ECommerce.Catalog\ECommerce.Catalog.csproj", "{AA5838EC-EEE7-4CC0-96BB-1070EB27254F}"
EndProject
Project("{2150E333-8FDC-42A3-9474-1A3956D46DE8}") = "Discount", "Discount", "{2FD2568B-AB36-4F9E-9713-AA210A0D0496}"
EndProject
Project("{FAE04EC0-301F-11D3-BF4B-00C04F79EFBC}") = "ECommerce.Discount", "Services\Discount\ECommerce.Discount\ECommerce.Discount.csproj", "{25F43551-F43C-4AAC-9A40-42580DA17C3E}"
EndProject
Project("{2150E333-8FDC-42A3-9474-1A3956D46DE8}") = "Order", "Order", "{ABD88D8C-4FF8-4F56-981F-D0B7D136CA0F}"
EndProject
Project("{2150E333-8FDC-42A3-9474-1A3956D46DE8}") = "Core", "Core", "{4175174E-12DD-4C8E-8C5A-DAF93170D738}"
EndProject
Project("{2150E333-8FDC-42A3-9474-1A3956D46DE8}") = "Interfaces", "Interfaces", "{C423BBB4-6E66-44AC-A27A-859447AF23E8}"
EndProject
Project("{2150E333-8FDC-42A3-9474-1A3956D46DE8}") = "Presentation", "Presentation", "{F5E940E1-7031-4E59-82D3-754BCA6DC12F}"
EndProject
Global
	GlobalSection(SolutionConfigurationPlatforms) = preSolution
		Debug|Any CPU = Debug|Any CPU
		Release|Any CPU = Release|Any CPU
	EndGlobalSection
	GlobalSection(ProjectConfigurationPlatforms) = postSolution
		{AA5838EC-EEE7-4CC0-96BB-1070EB27254F}.Debug|Any CPU.ActiveCfg = Debug|Any CPU
		{AA5838EC-EEE7-4CC0-96BB-1070EB27254F}.Debug|Any CPU.Build.0 = Debug|Any CPU
		{AA5838EC-EEE7-4CC0-96BB-1070EB27254F}.Release|Any CPU.ActiveCfg = Release|Any CPU
		{AA5838EC-EEE7-4CC0-96BB-1070EB27254F}.Release|Any CPU.Build.0 = Release|Any CPU
		{25F43551-F43C-4AAC-9A40-42580DA17C3E}.Debug|Any CPU.ActiveCfg = Debug|Any CPU
		{25F43551-F43C-4AAC-9A40-42580DA17C3E}.Debug|Any CPU.Build.0 = Debug|Any CPU
		{25F43551-F43C-4AAC-9A40-42580DA17C3E}.Release|Any CPU.ActiveCfg = Release|Any CPU
		{25F43551-F43C-4AAC-9A40-42580DA17C3E}.Release|Any CPU.Build.0 = Release|Any CPU
	EndGlobalSection
	GlobalSection(SolutionProperties) = preSolution
		HideSolutionNode = FALSE
	EndGlobalSection
	GlobalSection(ExtensibilityGlobals) = postSolution
		SolutionGuid = {B9C15701-9E1B-46EA-9030-4876B5B8AFCA}
	EndGlobalSection
	GlobalSection(NestedProjects) = preSolution
		{6C7FC8AC-6C6C-46E0-AC79-FD20CF71DA14} = {1E1C011E-FC8B-4FDF-BDAA-E99CFB1C2233}
		{AA5838EC-EEE7-4CC0-96BB-1070EB27254F} = {6C7FC8AC-6C6C-46E0-AC79-FD20CF71DA14}
		{2FD2568B-AB36-4F9E-9713-AA210A0D0496} = {1E1C011E-FC8B-4FDF-BDAA-E99CFB1C2233}
		{25F43551-F43C-4AAC-9A40-42580DA17C3E} = {2FD2568B-AB36-4F9E-9713-AA210A0D0496}
		{ABD88D8C-4FF8-4F56-981F-D0B7D136CA0F} = {1E1C011E-FC8B-4FDF-BDAA-E99CFB1C2233}
		{4175174E-12DD-4C8E-8C5A-DAF93170D738} = {ABD88D8C-4FF8-4F56-981F-D0B7D136CA0F}
		{C423BBB4-6E66-44AC-A27A-859447AF23E8} = {ABD88D8C-4FF8-4F56-981F-D0B7D136CA0F}
		{F5E940E1-7031-4E59-82D3-754BCA6DC12F} = {ABD88D8C-4FF8-4F56-981F-D0B7D136CA0F}
	EndGlobalSection
EndGlobal
